// !$*UTF8*$!
{
	archiveVersion = 1;
	classes = {
	};
	objectVersion = 48;
	objects = {

/* Begin PBXBuildFile section */
		AC227A2D1FB2E5C50041E758 /* AppDelegate.swift in Sources */ = {isa = PBXBuildFile; fileRef = AC227A2C1FB2E5C50041E758 /* AppDelegate.swift */; };
		AC227A2F1FB2E5C50041E758 /* ViewController.swift in Sources */ = {isa = PBXBuildFile; fileRef = AC227A2E1FB2E5C50041E758 /* ViewController.swift */; };
		AC227A321FB2E5C50041E758 /* Main.storyboard in Resources */ = {isa = PBXBuildFile; fileRef = AC227A301FB2E5C50041E758 /* Main.storyboard */; };
		AC227A351FB2E5C50041E758 /* SimlyList.xcdatamodeld in Sources */ = {isa = PBXBuildFile; fileRef = AC227A331FB2E5C50041E758 /* SimlyList.xcdatamodeld */; };
		AC227A371FB2E5C50041E758 /* Assets.xcassets in Resources */ = {isa = PBXBuildFile; fileRef = AC227A361FB2E5C50041E758 /* Assets.xcassets */; };
		AC227A3A1FB2E5C50041E758 /* LaunchScreen.storyboard in Resources */ = {isa = PBXBuildFile; fileRef = AC227A381FB2E5C50041E758 /* LaunchScreen.storyboard */; };
		AC227A441FB308D70041E758 /* addTaskVc.swift in Sources */ = {isa = PBXBuildFile; fileRef = AC227A431FB308D70041E758 /* addTaskVc.swift */; };
/* End PBXBuildFile section */

/* Begin PBXFileReference section */
		AC227A291FB2E5C50041E758 /* SimlyList.app */ = {isa = PBXFileReference; explicitFileType = wrapper.application; includeInIndex = 0; path = SimlyList.app; sourceTree = BUILT_PRODUCTS_DIR; };
		AC227A2C1FB2E5C50041E758 /* AppDelegate.swift */ = {isa = PBXFileReference; lastKnownFileType = sourcecode.swift; path = AppDelegate.swift; sourceTree = "<group>"; };
		AC227A2E1FB2E5C50041E758 /* ViewController.swift */ = {isa = PBXFileReference; lastKnownFileType = sourcecode.swift; path = ViewController.swift; sourceTree = "<group>"; };
		AC227A311FB2E5C50041E758 /* Base */ = {isa = PBXFileReference; lastKnownFileType = file.storyboard; name = Base; path = Base.lproj/Main.storyboard; sourceTree = "<group>"; };
		AC227A341FB2E5C50041E758 /* SimlyList.xcdatamodel */ = {isa = PBXFileReference; lastKnownFileType = wrapper.xcdatamodel; path = SimlyList.xcdatamodel; sourceTree = "<group>"; };
		AC227A361FB2E5C50041E758 /* Assets.xcassets */ = {isa = PBXFileReference; lastKnownFileType = folder.assetcatalog; path = Assets.xcassets; sourceTree = "<group>"; };
		AC227A391FB2E5C50041E758 /* Base */ = {isa = PBXFileReference; lastKnownFileType = file.storyboard; name = Base; path = Base.lproj/LaunchScreen.storyboard; sourceTree = "<group>"; };
		AC227A3B1FB2E5C50041E758 /* Info.plist */ = {isa = PBXFileReference; lastKnownFileType = text.plist.xml; path = Info.plist; sourceTree = "<group>"; };
		AC227A431FB308D70041E758 /* addTaskVc.swift */ = {isa = PBXFileReference; lastKnownFileType = sourcecode.swift; path = addTaskVc.swift; sourceTree = "<group>"; };
/* End PBXFileReference section */

/* Begin PBXFrameworksBuildPhase section */
		AC227A261FB2E5C50041E758 /* Frameworks */ = {
			isa = PBXFrameworksBuildPhase;
			buildActionMask = 2147483647;
			files = (
			);
			runOnlyForDeploymentPostprocessing = 0;
		};
/* End PBXFrameworksBuildPhase section */

/* Begin PBXGroup section */
		AC227A201FB2E5C50041E758 = {
			isa = PBXGroup;
			children = (
				AC227A2B1FB2E5C50041E758 /* SimlyList */,
				AC227A2A1FB2E5C50041E758 /* Products */,
			);
			sourceTree = "<group>";
		};
		AC227A2A1FB2E5C50041E758 /* Products */ = {
			isa = PBXGroup;
			children = (
				AC227A291FB2E5C50041E758 /* SimlyList.app */,
			);
			name = Products;
			sourceTree = "<group>";
		};
		AC227A2B1FB2E5C50041E758 /* SimlyList */ = {
			isa = PBXGroup;
			children = (
				AC227A2C1FB2E5C50041E758 /* AppDelegate.swift */,
				AC227A431FB308D70041E758 /* addTaskVc.swift */,
				AC227A2E1FB2E5C50041E758 /* ViewController.swift */,
				AC227A301FB2E5C50041E758 /* Main.storyboard */,
				AC227A361FB2E5C50041E758 /* Assets.xcassets */,
				AC227A381FB2E5C50041E758 /* LaunchScreen.storyboard */,
				AC227A3B1FB2E5C50041E758 /* Info.plist */,
				AC227A331FB2E5C50041E758 /* SimlyList.xcdatamodeld */,
			);
			path = SimlyList;
			sourceTree = "<group>";
		};
/* End PBXGroup section */

/* Begin PBXNativeTarget section */
		AC227A281FB2E5C50041E758 /* SimlyList */ = {
			isa = PBXNativeTarget;
			buildConfigurationList = AC227A3E1FB2E5C60041E758 /* Build configuration list for PBXNativeTarget "SimlyList" */;
			buildPhases = (
				AC227A251FB2E5C50041E758 /* Sources */,
				AC227A261FB2E5C50041E758 /* Frameworks */,
				AC227A271FB2E5C50041E758 /* Resources */,
			);
			buildRules = (
			);
			dependencies = (
			);
			name = SimlyList;
			productName = SimlyList;
			productReference = AC227A291FB2E5C50041E758 /* SimlyList.app */;
			productType = "com.apple.product-type.application";
		};
/* End PBXNativeTarget section */

/* Begin PBXProject section */
		AC227A211FB2E5C50041E758 /* Project object */ = {
			isa = PBXProject;
			attributes = {
				LastSwiftUpdateCheck = 0910;
				LastUpgradeCheck = 0910;
				ORGANIZATIONNAME = "jaswanth tata";
				TargetAttributes = {
					AC227A281FB2E5C50041E758 = {
						CreatedOnToolsVersion = 9.1;
						ProvisioningStyle = Automatic;
					};
				};
			};
			buildConfigurationList = AC227A241FB2E5C50041E758 /* Build configuration list for PBXProject "SimlyList" */;
			compatibilityVersion = "Xcode 8.0";
			developmentRegion = en;
			hasScannedForEncodings = 0;
			knownRegions = (
				en,
				Base,
			);
			mainGroup = AC227A201FB2E5C50041E758;
			productRefGroup = AC227A2A1FB2E5C50041E758 /* Products */;
			projectDirPath = "";
			projectRoot = "";
			targets = (
				AC227A281FB2E5C50041E758 /* SimlyList */,
			);
		};
/* End PBXProject section */

/* Begin PBXResourcesBuildPhase section */
		AC227A271FB2E5C50041E758 /* Resources */ = {
			isa = PBXResourcesBuildPhase;
			buildActionMask = 2147483647;
			files = (
				AC227A3A1FB2E5C50041E758 /* LaunchScreen.storyboard in Resources */,
				AC227A371FB2E5C50041E758 /* Assets.xcassets in Resources */,
				AC227A321FB2E5C50041E758 /* Main.storyboard in Resources */,
			);
			runOnlyForDeploymentPostprocessing = 0;
		};
/* End PBXResourcesBuildPhase section */

/* Begin PBXSourcesBuildPhase section */
		AC227A251FB2E5C50041E758 /* Sources */ = {
			isa = PBXSourcesBuildPhase;
			buildActionMask = 2147483647;
			files = (
				AC227A351FB2E5C50041E758 /* SimlyList.xcdatamodeld in Sources */,
				AC227A2F1FB2E5C50041E758 /* ViewController.swift in Sources */,
				AC227A2D1FB2E5C50041E758 /* AppDelegate.swift in Sources */,
				AC227A441FB308D70041E758 /* addTaskVc.swift in Sources */,
			);
			runOnlyForDeploymentPostprocessing = 0;
		};
/* End PBXSourcesBuildPhase section */

/* Begin PBXVariantGroup section */
		AC227A301FB2E5C50041E758 /* Main.storyboard */ = {
			isa = PBXVariantGroup;
			children = (
				AC227A311FB2E5C50041E758 /* Base */,
			);
			name = Main.storyboard;
			sourceTree = "<group>";
		};
		AC227A381FB2E5C50041E758 /* LaunchScreen.storyboard */ = {
			isa = PBXVariantGroup;
			children = (
				AC227A391FB2E5C50041E758 /* Base */,
			);
			name = LaunchScreen.storyboard;
			sourceTree = "<group>";
		};
/* End PBXVariantGroup section */

/* Begin XCBuildConfiguration section */
		AC227A3C1FB2E5C60041E758 /* Debug */ = {
			isa = XCBuildConfiguration;
			buildSettings = {
				ALWAYS_SEARCH_USER_PATHS = NO;
				CLANG_ANALYZER_NONNULL = YES;
				CLANG_ANALYZER_NUMBER_OBJECT_CONVERSION = YES_AGGRESSIVE;
				CLANG_CXX_LANGUAGE_STANDARD = "gnu++14";
				CLANG_CXX_LIBRARY = "libc++";
				CLANG_ENABLE_MODULES = YES;
				CLANG_ENABLE_OBJC_ARC = YES;
				CLANG_WARN_BLOCK_CAPTURE_AUTORELEASING = YES;
				CLANG_WARN_BOOL_CONVERSION = YES;
				CLANG_WARN_COMMA = YES;
				CLANG_WARN_CONSTANT_CONVERSION = YES;
				CLANG_WARN_DIRECT_OBJC_ISA_USAGE = YES_ERROR;
				CLANG_WARN_DOCUMENTATION_COMMENTS = YES;
				CLANG_WARN_EMPTY_BODY = YES;
				CLANG_WARN_ENUM_CONVERSION = YES;
				CLANG_WARN_INFINITE_RECURSION = YES;
				CLANG_WARN_INT_CONVERSION = YES;
				CLANG_WARN_NON_LITERAL_NULL_CONVERSION = YES;
				CLANG_WARN_OBJC_LITERAL_CONVERSION = YES;
				CLANG_WARN_OBJC_ROOT_CLASS = YES_ERROR;
				CLANG_WARN_RANGE_LOOP_ANALYSIS = YES;
				CLANG_WARN_STRICT_PROTOTYPES = YES;
				CLANG_WARN_SUSPICIOUS_MOVE = YES;
				CLANG_WARN_UNGUARDED_AVAILABILITY = YES_AGGRESSIVE;
				CLANG_WARN_UNREACHABLE_CODE = YES;
				CLANG_WARN__DUPLICATE_METHOD_MATCH = YES;
				CODE_SIGN_IDENTITY = "iPhone Developer";
				COPY_PHASE_STRIP = NO;
				DEBUG_INFORMATION_FORMAT = dwarf;
				ENABLE_STRICT_OBJC_MSGSEND = YES;
				ENABLE_TESTABILITY = YES;
				GCC_C_LANGUAGE_STANDARD = gnu11;
				GCC_DYNAMIC_NO_PIC = NO;
				GCC_NO_COMMON_BLOCKS = YES;
				GCC_OPTIMIZATION_LEVEL = 0;
				GCC_PREPROCESSOR_DEFINITIONS = (
					"DEBUG=1",
					"$(inherited)",
				);
				GCC_WARN_64_TO_32_BIT_CONVERSION = YES;
				GCC_WARN_ABOUT_RETURN_TYPE = YES_ERROR;
				GCC_WARN_UNDECLARED_SELECTOR = YES;
				GCC_WARN_UNINITIALIZED_AUTOS = YES_AGGRESSIVE;
				GCC_WARN_UNUSED_FUNCTION = YES;
				GCC_WARN_UNUSED_VARIABLE = YES;
				IPHONEOS_DEPLOYMENT_TARGET = 11.1;
				MTL_ENABLE_DEBUG_INFO = YES;
				ONLY_ACTIVE_ARCH = YES;
				SDKROOT = iphoneos;
				SWIFT_ACTIVE_COMPILATION_CONDITIONS = DEBUG;
				SWIFT_OPTIMIZATION_LEVEL = "-Onone";
			};
			name = Debug;
		};
		AC227A3D1FB2E5C60041E758 /* Release */ = {
			isa = XCBuildConfiguration;
			buildSettings = {
				ALWAYS_SEARCH_USER_PATHS = NO;
				CLANG_ANALYZER_NONNULL = YES;
				CLANG_ANALYZER_NUMBER_OBJECT_CONVERSION = YES_AGGRESSIVE;
				CLANG_CXX_LANGUAGE_STANDARD = "gnu++14";
				CLANG_CXX_LIBRARY = "libc++";
				CLANG_ENABLE_MODULES = YES;
				CLANG_ENABLE_OBJC_ARC = YES;
				CLANG_WARN_BLOCK_CAPTURE_AUTORELEASING = YES;
				CLANG_WARN_BOOL_CONVERSION = YES;
				CLANG_WARN_COMMA = YES;
				CLANG_WARN_CONSTANT_CONVERSION = YES;
				CLANG_WARN_DIRECT_OBJC_ISA_USAGE = YES_ERROR;
				CLANG_WARN_DOCUMENTATION_COMMENTS = YES;
				CLANG_WARN_EMPTY_BODY = YES;
				CLANG_WARN_ENUM_CONVERSION = YES;
				CLANG_WARN_INFINITE_RECURSION = YES;
				CLANG_WARN_INT_CONVERSION = YES;
				CLANG_WARN_NON_LITERAL_NULL_CONVERSION = YES;
				CLANG_WARN_OBJC_LITERAL_CONVERSION = YES;
				CLANG_WARN_OBJC_ROOT_CLASS = YES_ERROR;
				CLANG_WARN_RANGE_LOOP_ANALYSIS = YES;
				CLANG_WARN_STRICT_PROTOTYPES = YES;
				CLANG_WARN_SUSPICIOUS_MOVE = YES;
				CLANG_WARN_UNGUARDED_AVAILABILITY = YES_AGGRESSIVE;
				CLANG_WARN_UNREACHABLE_CODE = YES;
				CLANG_WARN__DUPLICATE_METHOD_MATCH = YES;
				CODE_SIGN_IDENTITY = "iPhone Developer";
				COPY_PHASE_STRIP = NO;
				DEBUG_INFORMATION_FORMAT = "dwarf-with-dsym";
				ENABLE_NS_ASSERTIONS = NO;
				ENABLE_STRICT_OBJC_MSGSEND = YES;
				GCC_C_LANGUAGE_STANDARD = gnu11;
				GCC_NO_COMMON_BLOCKS = YES;
				GCC_WARN_64_TO_32_BIT_CONVERSION = YES;
				GCC_WARN_ABOUT_RETURN_TYPE = YES_ERROR;
				GCC_WARN_UNDECLARED_SELECTOR = YES;
				GCC_WARN_UNINITIALIZED_AUTOS = YES_AGGRESSIVE;
				GCC_WARN_UNUSED_FUNCTION = YES;
				GCC_WARN_UNUSED_VARIABLE = YES;
				IPHONEOS_DEPLOYMENT_TARGET = 11.1;
				MTL_ENABLE_DEBUG_INFO = NO;
				SDKROOT = iphoneos;
				SWIFT_OPTIMIZATION_LEVEL = "-Owholemodule";
				VALIDATE_PRODUCT = YES;
			};
			name = Release;
		};
		AC227A3F1FB2E5C60041E758 /* Debug */ = {
			isa = XCBuildConfiguration;
			buildSettings = {
				ASSETCATALOG_COMPILER_APPICON_NAME = AppIcon;
				CODE_SIGN_STYLE = Automatic;
				INFOPLIST_FILE = SimlyList/Info.plist;
				LD_RUNPATH_SEARCH_PATHS = "$(inherited) @executable_path/Frameworks";
				PRODUCT_BUNDLE_IDENTIFIER = com.example.SimlyList;
				PRODUCT_NAME = "$(TARGET_NAME)";
				SWIFT_VERSION = 4.0;
				TARGETED_DEVICE_FAMILY = "1,2";
			};
			name = Debug;
		};
		AC227A401FB2E5C60041E758 /* Release */ = {
			isa = XCBuildConfiguration;
			buildSettings = {
				ASSETCATALOG_COMPILER_APPICON_NAME = AppIcon;
				CODE_SIGN_STYLE = Automatic;
				INFOPLIST_FILE = SimlyList/Info.plist;
				LD_RUNPATH_SEARCH_PATHS = "$(inherited) @executable_path/Frameworks";
				PRODUCT_BUNDLE_IDENTIFIER = com.example.SimlyList;
				PRODUCT_NAME = "$(TARGET_NAME)";
				SWIFT_VERSION = 4.0;
				TARGETED_DEVICE_FAMILY = "1,2";
			};
			name = Release;
		};
/* End XCBuildConfiguration section */

/* Begin XCConfigurationList section */
		AC227A241FB2E5C50041E758 /* Build configuration list for PBXProject "SimlyList" */ = {
			isa = XCConfigurationList;
			buildConfigurations = (
				AC227A3C1FB2E5C60041E758 /* Debug */,
				AC227A3D1FB2E5C60041E758 /* Release */,
			);
			defaultConfigurationIsVisible = 0;
			defaultConfigurationName = Release;
		};
		AC227A3E1FB2E5C60041E758 /* Build configuration list for PBXNativeTarget "SimlyList" */ = {
			isa = XCConfigurationList;
			buildConfigurations = (
				AC227A3F1FB2E5C60041E758 /* Debug */,
				AC227A401FB2E5C60041E758 /* Release */,
			);
			defaultConfigurationIsVisible = 0;
			defaultConfigurationName = Release;
		};
/* End XCConfigurationList section */

/* Begin XCVersionGroup section */
		AC227A331FB2E5C50041E758 /* SimlyList.xcdatamodeld */ = {
			isa = XCVersionGroup;
			children = (
				AC227A341FB2E5C50041E758 /* SimlyList.xcdatamodel */,
			);
			currentVersion = AC227A341FB2E5C50041E758 /* SimlyList.xcdatamodel */;
			path = SimlyList.xcdatamodeld;
			sourceTree = "<group>";
			versionGroupType = wrapper.xcdatamodel;
		};
/* End XCVersionGroup section */
	};
	rootObject = AC227A211FB2E5C50041E758 /* Project object */;
}
